
Microsoft Visual Studio Solution File, Format Version 12.00
# Visual Studio Version 16
VisualStudioVersion = 16.0.31402.337
MinimumVisualStudioVersion = 10.0.40219.1
Project("{159641D6-6404-4A2A-AE62-294DE0FE8301}") = "TPA", "TPA\TPA.dtproj", "{1B4AC753-7EF0-4E33-BD4D-BAF356B4F9FF}"
EndProject
Global
	GlobalSection(SolutionConfigurationPlatforms) = preSolution
		Development|Default = Development|Default
	EndGlobalSection
	GlobalSection(ProjectConfigurationPlatforms) = postSolution
		{1B4AC753-7EF0-4E33-BD4D-BAF356B4F9FF}.Development|Default.ActiveCfg = Development
		{1B4AC753-7EF0-4E33-BD4D-BAF356B4F9FF}.Development|Default.Build.0 = Development
	EndGlobalSection
	GlobalSection(SolutionProperties) = preSolution
		HideSolutionNode = FALSE
	EndGlobalSection
	GlobalSection(ExtensibilityGlobals) = postSolution
		SolutionGuid = {D0027686-E415-449A-99CD-E800C77D2F6F}
	EndGlobalSection
	GlobalSection(TeamFoundationVersionControl) = preSolution
		SccNumberOfProjects = 2
		SccEnterpriseProvider = {4CA58AB2-18FA-4F8D-95D4-32DDF27D184C}
		SccTeamFoundationServer = http://vistfs001:8080/tfs/viriyah
		SccLocalPath0 = .
		SccProjectUniqueName1 = TPA\\TPA.dtproj
		SccProjectName1 = TPA
		SccLocalPath1 = TPA
	EndGlobalSection
EndGlobal
